
Microsoft Visual Studio Solution File, Format Version 12.00
# Visual Studio Version 17
VisualStudioVersion = 17.5.002.0
MinimumVisualStudioVersion = 10.0.40219.1
Project("{9A19103F-16F7-4668-BE54-9A1E7A4F7556}") = "advancedRest", "advancedRest.csproj", "{3B954DAD-0C1B-4F6C-93B3-BC4304F039D5}"
EndProject
Global
	GlobalSection(SolutionConfigurationPlatforms) = preSolution
		Debug|Any CPU = Debug|Any CPU
		Release|Any CPU = Release|Any CPU
	EndGlobalSection
	GlobalSection(ProjectConfigurationPlatforms) = postSolution
		{3B954DAD-0C1B-4F6C-93B3-BC4304F039D5}.Debug|Any CPU.ActiveCfg = Debug|Any CPU
		{3B954DAD-0C1B-4F6C-93B3-BC4304F039D5}.Debug|Any CPU.Build.0 = Debug|Any CPU
		{3B954DAD-0C1B-4F6C-93B3-BC4304F039D5}.Release|Any CPU.ActiveCfg = Release|Any CPU
		{3B954DAD-0C1B-4F6C-93B3-BC4304F039D5}.Release|Any CPU.Build.0 = Release|Any CPU
	EndGlobalSection
	GlobalSection(SolutionProperties) = preSolution
		HideSolutionNode = FALSE
	EndGlobalSection
	GlobalSection(ExtensibilityGlobals) = postSolution
		SolutionGuid = {30F38406-7F84-43BD-93BD-58A78953F3FD}
	EndGlobalSection
EndGlobal
