
Microsoft Visual Studio Solution File, Format Version 12.00
# Visual Studio Version 17
VisualStudioVersion = 17.0.31903.59
MinimumVisualStudioVersion = 10.0.40219.1
Project("{FAE04EC0-301F-11D3-BF4B-00C04F79EFBC}") = "xUnitProject", "xUnitProject\xUnitProject.csproj", "{4877B081-AD63-4B68-8D46-83AE9E4E3CB6}"
EndProject
Project("{FAE04EC0-301F-11D3-BF4B-00C04F79EFBC}") = "xUnitProject.Tests", "xUnitProject.Tests\xUnitProject.Tests.csproj", "{4E372439-BE41-4751-B8BE-27E51BE49371}"
EndProject
Global
	GlobalSection(SolutionConfigurationPlatforms) = preSolution
		Debug|Any CPU = Debug|Any CPU
		Release|Any CPU = Release|Any CPU
	EndGlobalSection
	GlobalSection(SolutionProperties) = preSolution
		HideSolutionNode = FALSE
	EndGlobalSection
	GlobalSection(ProjectConfigurationPlatforms) = postSolution
		{4877B081-AD63-4B68-8D46-83AE9E4E3CB6}.Debug|Any CPU.ActiveCfg = Debug|Any CPU
		{4877B081-AD63-4B68-8D46-83AE9E4E3CB6}.Debug|Any CPU.Build.0 = Debug|Any CPU
		{4877B081-AD63-4B68-8D46-83AE9E4E3CB6}.Release|Any CPU.ActiveCfg = Release|Any CPU
		{4877B081-AD63-4B68-8D46-83AE9E4E3CB6}.Release|Any CPU.Build.0 = Release|Any CPU
		{4E372439-BE41-4751-B8BE-27E51BE49371}.Debug|Any CPU.ActiveCfg = Debug|Any CPU
		{4E372439-BE41-4751-B8BE-27E51BE49371}.Debug|Any CPU.Build.0 = Debug|Any CPU
		{4E372439-BE41-4751-B8BE-27E51BE49371}.Release|Any CPU.ActiveCfg = Release|Any CPU
		{4E372439-BE41-4751-B8BE-27E51BE49371}.Release|Any CPU.Build.0 = Release|Any CPU
	EndGlobalSection
EndGlobal
