
Microsoft Visual Studio Solution File, Format Version 12.00
# Visual Studio Version 17
VisualStudioVersion = 17.0.31903.59
MinimumVisualStudioVersion = 10.0.40219.1
Project("{FAE04EC0-301F-11D3-BF4B-00C04F79EFBC}") = "MyAPI.API", "MyAPI.API\MyAPI.API.csproj", "{EC3C1136-F506-448B-A1CC-81CE3B45F1F9}"
EndProject
Global
	GlobalSection(SolutionConfigurationPlatforms) = preSolution
		Debug|Any CPU = Debug|Any CPU
		Release|Any CPU = Release|Any CPU
	EndGlobalSection
	GlobalSection(SolutionProperties) = preSolution
		HideSolutionNode = FALSE
	EndGlobalSection
	GlobalSection(ProjectConfigurationPlatforms) = postSolution
		{EC3C1136-F506-448B-A1CC-81CE3B45F1F9}.Debug|Any CPU.ActiveCfg = Debug|Any CPU
		{EC3C1136-F506-448B-A1CC-81CE3B45F1F9}.Debug|Any CPU.Build.0 = Debug|Any CPU
		{EC3C1136-F506-448B-A1CC-81CE3B45F1F9}.Release|Any CPU.ActiveCfg = Release|Any CPU
		{EC3C1136-F506-448B-A1CC-81CE3B45F1F9}.Release|Any CPU.Build.0 = Release|Any CPU
		{1E688852-32A4-42AB-BE7E-4F1EB19B5522}.Debug|Any CPU.ActiveCfg = Debug|Any CPU
		{1E688852-32A4-42AB-BE7E-4F1EB19B5522}.Debug|Any CPU.Build.0 = Debug|Any CPU
		{1E688852-32A4-42AB-BE7E-4F1EB19B5522}.Release|Any CPU.ActiveCfg = Release|Any CPU
		{1E688852-32A4-42AB-BE7E-4F1EB19B5522}.Release|Any CPU.Build.0 = Release|Any CPU
		{E0D9D860-1ED6-41ED-BC7F-9D402F9278D3}.Debug|Any CPU.ActiveCfg = Debug|Any CPU
		{E0D9D860-1ED6-41ED-BC7F-9D402F9278D3}.Debug|Any CPU.Build.0 = Debug|Any CPU
		{E0D9D860-1ED6-41ED-BC7F-9D402F9278D3}.Release|Any CPU.ActiveCfg = Release|Any CPU
		{E0D9D860-1ED6-41ED-BC7F-9D402F9278D3}.Release|Any CPU.Build.0 = Release|Any CPU
	EndGlobalSection
EndGlobal
