
Microsoft Visual Studio Solution File, Format Version 12.00
# Visual Studio Version 17
VisualStudioVersion = 17.0.31903.59
MinimumVisualStudioVersion = 10.0.40219.1
Project("{FAE04EC0-301F-11D3-BF4B-00C04F79EFBC}") = "FileIO", "FileIO\FileIO.csproj", "{88541262-85BE-40E6-B214-9FC59853854B}"
EndProject
Project("{FAE04EC0-301F-11D3-BF4B-00C04F79EFBC}") = "DuckData.Repo", "DuckData.Repo\DuckData.Repo.csproj", "{7392978D-F0B0-475E-9A85-33B4D56BB2A8}"
EndProject
Project("{FAE04EC0-301F-11D3-BF4B-00C04F79EFBC}") = "DuckData.Models", "DuckData.Models\DuckData.Models.csproj", "{5559E084-5A1C-4A2D-B5FD-D5674FC8BCEF}"
EndProject
Global
	GlobalSection(SolutionConfigurationPlatforms) = preSolution
		Debug|Any CPU = Debug|Any CPU
		Release|Any CPU = Release|Any CPU
	EndGlobalSection
	GlobalSection(SolutionProperties) = preSolution
		HideSolutionNode = FALSE
	EndGlobalSection
	GlobalSection(ProjectConfigurationPlatforms) = postSolution
		{88541262-85BE-40E6-B214-9FC59853854B}.Debug|Any CPU.ActiveCfg = Debug|Any CPU
		{88541262-85BE-40E6-B214-9FC59853854B}.Debug|Any CPU.Build.0 = Debug|Any CPU
		{88541262-85BE-40E6-B214-9FC59853854B}.Release|Any CPU.ActiveCfg = Release|Any CPU
		{88541262-85BE-40E6-B214-9FC59853854B}.Release|Any CPU.Build.0 = Release|Any CPU
		{7392978D-F0B0-475E-9A85-33B4D56BB2A8}.Debug|Any CPU.ActiveCfg = Debug|Any CPU
		{7392978D-F0B0-475E-9A85-33B4D56BB2A8}.Debug|Any CPU.Build.0 = Debug|Any CPU
		{7392978D-F0B0-475E-9A85-33B4D56BB2A8}.Release|Any CPU.ActiveCfg = Release|Any CPU
		{7392978D-F0B0-475E-9A85-33B4D56BB2A8}.Release|Any CPU.Build.0 = Release|Any CPU
		{5559E084-5A1C-4A2D-B5FD-D5674FC8BCEF}.Debug|Any CPU.ActiveCfg = Debug|Any CPU
		{5559E084-5A1C-4A2D-B5FD-D5674FC8BCEF}.Debug|Any CPU.Build.0 = Debug|Any CPU
		{5559E084-5A1C-4A2D-B5FD-D5674FC8BCEF}.Release|Any CPU.ActiveCfg = Release|Any CPU
		{5559E084-5A1C-4A2D-B5FD-D5674FC8BCEF}.Release|Any CPU.Build.0 = Release|Any CPU
	EndGlobalSection
EndGlobal
